// !$*UTF8*$!
{
	archiveVersion = 1;
	classes = {
	};
	objectVersion = 46;
	objects = {

/* Begin PBXBuildFile section */
		39F2B44F2FF82E47FFC0B63D /* Pods_SwiftCore_Tests.framework in Frameworks */ = {isa = PBXBuildFile; fileRef = CC4715EC7A4A04A601F1E0F7 /* Pods_SwiftCore_Tests.framework */; };
		607FACD61AFB9204008FA782 /* AppDelegate.swift in Sources */ = {isa = PBXBuildFile; fileRef = 607FACD51AFB9204008FA782 /* AppDelegate.swift */; };
		607FACD81AFB9204008FA782 /* ViewController.swift in Sources */ = {isa = PBXBuildFile; fileRef = 607FACD71AFB9204008FA782 /* ViewController.swift */; };
		607FACDB1AFB9204008FA782 /* Main.storyboard in Resources */ = {isa = PBXBuildFile; fileRef = 607FACD91AFB9204008FA782 /* Main.storyboard */; };
		607FACDD1AFB9204008FA782 /* Images.xcassets in Resources */ = {isa = PBXBuildFile; fileRef = 607FACDC1AFB9204008FA782 /* Images.xcassets */; };
		607FACE01AFB9204008FA782 /* LaunchScreen.xib in Resources */ = {isa = PBXBuildFile; fileRef = 607FACDE1AFB9204008FA782 /* LaunchScreen.xib */; };
		607FACEC1AFB9204008FA782 /* Tests.swift in Sources */ = {isa = PBXBuildFile; fileRef = 607FACEB1AFB9204008FA782 /* Tests.swift */; };
		685152789866723D6AD20088 /* Pods_SwiftCore_Example.framework in Frameworks */ = {isa = PBXBuildFile; fileRef = 38947035E687468C6920C157 /* Pods_SwiftCore_Example.framework */; };
		E0091E99247C1F320026C3E7 /* DataLoaderSource.swift in Sources */ = {isa = PBXBuildFile; fileRef = E0091E98247C1F320026C3E7 /* DataLoaderSource.swift */; };
		E0091E9B247C22160026C3E7 /* DataLoader+Default.swift in Sources */ = {isa = PBXBuildFile; fileRef = E0091E9A247C22160026C3E7 /* DataLoader+Default.swift */; };
		E04C76542463B4EF00642395 /* UIDevice+Extension.swift in Sources */ = {isa = PBXBuildFile; fileRef = E04C76192463B4EF00642395 /* UIDevice+Extension.swift */; };
		E04C76552463B4EF00642395 /* NSAttributedString+Extension.swift in Sources */ = {isa = PBXBuildFile; fileRef = E04C761A2463B4EF00642395 /* NSAttributedString+Extension.swift */; };
		E04C76562463B4EF00642395 /* UIAlertController+Extension.swift in Sources */ = {isa = PBXBuildFile; fileRef = E04C761B2463B4EF00642395 /* UIAlertController+Extension.swift */; };
		E04C76572463B4EF00642395 /* UIColor+Extension.swift in Sources */ = {isa = PBXBuildFile; fileRef = E04C761C2463B4EF00642395 /* UIColor+Extension.swift */; };
		E04C76582463B4EF00642395 /* UIButton+Extensions.swift in Sources */ = {isa = PBXBuildFile; fileRef = E04C761D2463B4EF00642395 /* UIButton+Extensions.swift */; };
		E04C76592463B4EF00642395 /* Enum+Extension.swift in Sources */ = {isa = PBXBuildFile; fileRef = E04C761E2463B4EF00642395 /* Enum+Extension.swift */; };
		E04C765A2463B4EF00642395 /* Date+Extension.swift in Sources */ = {isa = PBXBuildFile; fileRef = E04C761F2463B4EF00642395 /* Date+Extension.swift */; };
		E04C765B2463B4EF00642395 /* UILabel+Extension.swift in Sources */ = {isa = PBXBuildFile; fileRef = E04C76202463B4EF00642395 /* UILabel+Extension.swift */; };
		E04C765C2463B4EF00642395 /* UIView+Extension.swift in Sources */ = {isa = PBXBuildFile; fileRef = E04C76212463B4EF00642395 /* UIView+Extension.swift */; };
		E04C765D2463B4EF00642395 /* Bundle+Extension.swift in Sources */ = {isa = PBXBuildFile; fileRef = E04C76222463B4EF00642395 /* Bundle+Extension.swift */; };
		E04C765E2463B4EF00642395 /* URL+Extension.swift in Sources */ = {isa = PBXBuildFile; fileRef = E04C76232463B4EF00642395 /* URL+Extension.swift */; };
		E04C765F2463B4EF00642395 /* UIViewController+Extension.swift in Sources */ = {isa = PBXBuildFile; fileRef = E04C76242463B4EF00642395 /* UIViewController+Extension.swift */; };
		E04C76602463B4EF00642395 /* String+Extension.swift in Sources */ = {isa = PBXBuildFile; fileRef = E04C76252463B4EF00642395 /* String+Extension.swift */; };
		E04C76612463B4EF00642395 /* UIStoryBoard+Extension.swift in Sources */ = {isa = PBXBuildFile; fileRef = E04C76262463B4EF00642395 /* UIStoryBoard+Extension.swift */; };
		E04C76622463B4EF00642395 /* UIView+Constraint.swift in Sources */ = {isa = PBXBuildFile; fileRef = E04C76272463B4EF00642395 /* UIView+Constraint.swift */; };
		E04C76632463B4EF00642395 /* UIImage+Gradient.swift in Sources */ = {isa = PBXBuildFile; fileRef = E04C76282463B4EF00642395 /* UIImage+Gradient.swift */; };
		E04C76642463B4EF00642395 /* Number+Extension.swift in Sources */ = {isa = PBXBuildFile; fileRef = E04C76292463B4EF00642395 /* Number+Extension.swift */; };
		E04C76652463B4EF00642395 /* NSData+Hash.swift in Sources */ = {isa = PBXBuildFile; fileRef = E04C762A2463B4EF00642395 /* NSData+Hash.swift */; };
		E04C76662463B4EF00642395 /* Dictionary+Extension.swift in Sources */ = {isa = PBXBuildFile; fileRef = E04C762B2463B4EF00642395 /* Dictionary+Extension.swift */; };
		E04C76672463B4EF00642395 /* DateFormatter.swift in Sources */ = {isa = PBXBuildFile; fileRef = E04C762C2463B4EF00642395 /* DateFormatter.swift */; };
		E04C76682463B4EF00642395 /* UITapGestureRecognizer+Extension.swift in Sources */ = {isa = PBXBuildFile; fileRef = E04C762D2463B4EF00642395 /* UITapGestureRecognizer+Extension.swift */; };
		E04C76692463B4EF00642395 /* UIStackView+Utility.swift in Sources */ = {isa = PBXBuildFile; fileRef = E04C762E2463B4EF00642395 /* UIStackView+Utility.swift */; };
		E04C766A2463B4EF00642395 /* CGRect+Extension.swift in Sources */ = {isa = PBXBuildFile; fileRef = E04C762F2463B4EF00642395 /* CGRect+Extension.swift */; };
		E04C766B2463B4EF00642395 /* UIView+IBInspectable.swift in Sources */ = {isa = PBXBuildFile; fileRef = E04C76302463B4EF00642395 /* UIView+IBInspectable.swift */; };
		E04C766C2463B4EF00642395 /* .gitkeep in Resources */ = {isa = PBXBuildFile; fileRef = E04C76312463B4EF00642395 /* .gitkeep */; };
		E04C766D2463B4EF00642395 /* PostalCode.swift in Sources */ = {isa = PBXBuildFile; fileRef = E04C76332463B4EF00642395 /* PostalCode.swift */; };
		E04C766E2463B4EF00642395 /* Phone.swift in Sources */ = {isa = PBXBuildFile; fileRef = E04C76342463B4EF00642395 /* Phone.swift */; };
		E04C766F2463B4EF00642395 /* Regex.swift in Sources */ = {isa = PBXBuildFile; fileRef = E04C76352463B4EF00642395 /* Regex.swift */; };
		E04C76702463B4EF00642395 /* ReplaceMe.swift in Sources */ = {isa = PBXBuildFile; fileRef = E04C76362463B4EF00642395 /* ReplaceMe.swift */; };
		E04C76712463B4EF00642395 /* LocationServices.swift in Sources */ = {isa = PBXBuildFile; fileRef = E04C76392463B4EF00642395 /* LocationServices.swift */; };
		E04C76722463B4EF00642395 /* BaseOperation.swift in Sources */ = {isa = PBXBuildFile; fileRef = E04C763B2463B4EF00642395 /* BaseOperation.swift */; };
		E04C76732463B4EF00642395 /* NetworkManager.swift in Sources */ = {isa = PBXBuildFile; fileRef = E04C763D2463B4EF00642395 /* NetworkManager.swift */; };
		E04C76742463B4EF00642395 /* NetworkType.swift in Sources */ = {isa = PBXBuildFile; fileRef = E04C763F2463B4EF00642395 /* NetworkType.swift */; };
		E04C76752463B4EF00642395 /* Platform.swift in Sources */ = {isa = PBXBuildFile; fileRef = E04C76402463B4EF00642395 /* Platform.swift */; };
		E04C76762463B4EF00642395 /* Reachability.swift in Sources */ = {isa = PBXBuildFile; fileRef = E04C76412463B4EF00642395 /* Reachability.swift */; };
		E04C76772463B4EF00642395 /* AnimationQueue.swift in Sources */ = {isa = PBXBuildFile; fileRef = E04C76432463B4EF00642395 /* AnimationQueue.swift */; };
		E04C76792463B4EF00642395 /* Dimmable.swift in Sources */ = {isa = PBXBuildFile; fileRef = E04C76472463B4EF00642395 /* Dimmable.swift */; };
		E04C767A2463B4EF00642395 /* Movable.swift in Sources */ = {isa = PBXBuildFile; fileRef = E04C76482463B4EF00642395 /* Movable.swift */; };
		E04C767B2463B4EF00642395 /* MovableAndDimmable.swift in Sources */ = {isa = PBXBuildFile; fileRef = E04C76492463B4EF00642395 /* MovableAndDimmable.swift */; };
		E04C767C2463B4EF00642395 /* ParalaxEffect.swift in Sources */ = {isa = PBXBuildFile; fileRef = E04C764A2463B4EF00642395 /* ParalaxEffect.swift */; };
		E04C767D2463B4EF00642395 /* Flashable.swift in Sources */ = {isa = PBXBuildFile; fileRef = E04C764B2463B4EF00642395 /* Flashable.swift */; };
		E04C767E2463B4EF00642395 /* ParallaxHeaderMode.swift in Sources */ = {isa = PBXBuildFile; fileRef = E04C764D2463B4EF00642395 /* ParallaxHeaderMode.swift */; };
		E04C767F2463B4EF00642395 /* UIScrollView+ParallaxHeader.swift in Sources */ = {isa = PBXBuildFile; fileRef = E04C764E2463B4EF00642395 /* UIScrollView+ParallaxHeader.swift */; };
		E04C76802463B4EF00642395 /* ParallaxHeader.swift in Sources */ = {isa = PBXBuildFile; fileRef = E04C764F2463B4EF00642395 /* ParallaxHeader.swift */; };
		E04C76812463B4EF00642395 /* Cyclable.swift in Sources */ = {isa = PBXBuildFile; fileRef = E04C76502463B4EF00642395 /* Cyclable.swift */; };
		E04C76832463B7D200642395 /* String+CommonCrypto.swift in Sources */ = {isa = PBXBuildFile; fileRef = E04C76822463B7D200642395 /* String+CommonCrypto.swift */; };
		E04C76852463B8E000642395 /* DataCache.swift in Sources */ = {isa = PBXBuildFile; fileRef = E04C76842463B8E000642395 /* DataCache.swift */; };
		E04C76872464121F00642395 /* FileNameGenerator.swift in Sources */ = {isa = PBXBuildFile; fileRef = E04C76862464121F00642395 /* FileNameGenerator.swift */; };
		E05F243B2474072E00454326 /* DataLoader.swift in Sources */ = {isa = PBXBuildFile; fileRef = E05F243A2474072E00454326 /* DataLoader.swift */; };
		E08635F52472EC4F005FA465 /* UIImage+Extension.swift in Sources */ = {isa = PBXBuildFile; fileRef = E08635F42472EC4F005FA465 /* UIImage+Extension.swift */; };
		E0E83C77247F74DF00F1276B /* DownloadModel.swift in Sources */ = {isa = PBXBuildFile; fileRef = E0E83C76247F74DF00F1276B /* DownloadModel.swift */; };
/* End PBXBuildFile section */

/* Begin PBXContainerItemProxy section */
		607FACE61AFB9204008FA782 /* PBXContainerItemProxy */ = {
			isa = PBXContainerItemProxy;
			containerPortal = 607FACC81AFB9204008FA782 /* Project object */;
			proxyType = 1;
			remoteGlobalIDString = 607FACCF1AFB9204008FA782;
			remoteInfo = SwiftCore;
		};
/* End PBXContainerItemProxy section */

/* Begin PBXFileReference section */
		13A2479209C96B8B523ECDA7 /* README.md */ = {isa = PBXFileReference; includeInIndex = 1; lastKnownFileType = net.daringfireball.markdown; name = README.md; path = ../README.md; sourceTree = "<group>"; };
		2BAA576C10042619F6FDA49D /* Pods-SwiftCore_Tests.debug.xcconfig */ = {isa = PBXFileReference; includeInIndex = 1; lastKnownFileType = text.xcconfig; name = "Pods-SwiftCore_Tests.debug.xcconfig"; path = "Target Support Files/Pods-SwiftCore_Tests/Pods-SwiftCore_Tests.debug.xcconfig"; sourceTree = "<group>"; };
		38947035E687468C6920C157 /* Pods_SwiftCore_Example.framework */ = {isa = PBXFileReference; explicitFileType = wrapper.framework; includeInIndex = 0; path = Pods_SwiftCore_Example.framework; sourceTree = BUILT_PRODUCTS_DIR; };
		607FACD01AFB9204008FA782 /* SwiftCore_Example.app */ = {isa = PBXFileReference; explicitFileType = wrapper.application; includeInIndex = 0; path = SwiftCore_Example.app; sourceTree = BUILT_PRODUCTS_DIR; };
		607FACD41AFB9204008FA782 /* Info.plist */ = {isa = PBXFileReference; lastKnownFileType = text.plist.xml; path = Info.plist; sourceTree = "<group>"; };
		607FACD51AFB9204008FA782 /* AppDelegate.swift */ = {isa = PBXFileReference; lastKnownFileType = sourcecode.swift; path = AppDelegate.swift; sourceTree = "<group>"; };
		607FACD71AFB9204008FA782 /* ViewController.swift */ = {isa = PBXFileReference; lastKnownFileType = sourcecode.swift; path = ViewController.swift; sourceTree = "<group>"; };
		607FACDA1AFB9204008FA782 /* Base */ = {isa = PBXFileReference; lastKnownFileType = file.storyboard; name = Base; path = Base.lproj/Main.storyboard; sourceTree = "<group>"; };
		607FACDC1AFB9204008FA782 /* Images.xcassets */ = {isa = PBXFileReference; lastKnownFileType = folder.assetcatalog; path = Images.xcassets; sourceTree = "<group>"; };
		607FACDF1AFB9204008FA782 /* Base */ = {isa = PBXFileReference; lastKnownFileType = file.xib; name = Base; path = Base.lproj/LaunchScreen.xib; sourceTree = "<group>"; };
		607FACE51AFB9204008FA782 /* SwiftCore_Tests.xctest */ = {isa = PBXFileReference; explicitFileType = wrapper.cfbundle; includeInIndex = 0; path = SwiftCore_Tests.xctest; sourceTree = BUILT_PRODUCTS_DIR; };
		607FACEA1AFB9204008FA782 /* Info.plist */ = {isa = PBXFileReference; lastKnownFileType = text.plist.xml; path = Info.plist; sourceTree = "<group>"; };
		607FACEB1AFB9204008FA782 /* Tests.swift */ = {isa = PBXFileReference; lastKnownFileType = sourcecode.swift; path = Tests.swift; sourceTree = "<group>"; };
		6755E615F16B20B60B257A12 /* SwiftCore.podspec */ = {isa = PBXFileReference; includeInIndex = 1; lastKnownFileType = text; name = SwiftCore.podspec; path = ../SwiftCore.podspec; sourceTree = "<group>"; xcLanguageSpecificationIdentifier = xcode.lang.ruby; };
		99EF9D39BCC07D74068DFF00 /* Pods-SwiftCore_Tests.release.xcconfig */ = {isa = PBXFileReference; includeInIndex = 1; lastKnownFileType = text.xcconfig; name = "Pods-SwiftCore_Tests.release.xcconfig"; path = "Target Support Files/Pods-SwiftCore_Tests/Pods-SwiftCore_Tests.release.xcconfig"; sourceTree = "<group>"; };
		9FBB061BC580582C0210E166 /* Pods-SwiftCore_Example.release.xcconfig */ = {isa = PBXFileReference; includeInIndex = 1; lastKnownFileType = text.xcconfig; name = "Pods-SwiftCore_Example.release.xcconfig"; path = "Target Support Files/Pods-SwiftCore_Example/Pods-SwiftCore_Example.release.xcconfig"; sourceTree = "<group>"; };
		A738C98C7DC85845E647A887 /* Pods-SwiftCore_Example.debug.xcconfig */ = {isa = PBXFileReference; includeInIndex = 1; lastKnownFileType = text.xcconfig; name = "Pods-SwiftCore_Example.debug.xcconfig"; path = "Target Support Files/Pods-SwiftCore_Example/Pods-SwiftCore_Example.debug.xcconfig"; sourceTree = "<group>"; };
		ACEEBE0EDD84195F777CD556 /* LICENSE */ = {isa = PBXFileReference; includeInIndex = 1; lastKnownFileType = text; name = LICENSE; path = ../LICENSE; sourceTree = "<group>"; };
		CC4715EC7A4A04A601F1E0F7 /* Pods_SwiftCore_Tests.framework */ = {isa = PBXFileReference; explicitFileType = wrapper.framework; includeInIndex = 0; path = Pods_SwiftCore_Tests.framework; sourceTree = BUILT_PRODUCTS_DIR; };
		E0091E98247C1F320026C3E7 /* DataLoaderSource.swift */ = {isa = PBXFileReference; lastKnownFileType = sourcecode.swift; path = DataLoaderSource.swift; sourceTree = "<group>"; };
		E0091E9A247C22160026C3E7 /* DataLoader+Default.swift */ = {isa = PBXFileReference; lastKnownFileType = sourcecode.swift; path = "DataLoader+Default.swift"; sourceTree = "<group>"; };
		E04C76192463B4EF00642395 /* UIDevice+Extension.swift */ = {isa = PBXFileReference; fileEncoding = 4; lastKnownFileType = sourcecode.swift; path = "UIDevice+Extension.swift"; sourceTree = "<group>"; };
		E04C761A2463B4EF00642395 /* NSAttributedString+Extension.swift */ = {isa = PBXFileReference; fileEncoding = 4; lastKnownFileType = sourcecode.swift; path = "NSAttributedString+Extension.swift"; sourceTree = "<group>"; };
		E04C761B2463B4EF00642395 /* UIAlertController+Extension.swift */ = {isa = PBXFileReference; fileEncoding = 4; lastKnownFileType = sourcecode.swift; path = "UIAlertController+Extension.swift"; sourceTree = "<group>"; };
		E04C761C2463B4EF00642395 /* UIColor+Extension.swift */ = {isa = PBXFileReference; fileEncoding = 4; lastKnownFileType = sourcecode.swift; path = "UIColor+Extension.swift"; sourceTree = "<group>"; };
		E04C761D2463B4EF00642395 /* UIButton+Extensions.swift */ = {isa = PBXFileReference; fileEncoding = 4; lastKnownFileType = sourcecode.swift; path = "UIButton+Extensions.swift"; sourceTree = "<group>"; };
		E04C761E2463B4EF00642395 /* Enum+Extension.swift */ = {isa = PBXFileReference; fileEncoding = 4; lastKnownFileType = sourcecode.swift; path = "Enum+Extension.swift"; sourceTree = "<group>"; };
		E04C761F2463B4EF00642395 /* Date+Extension.swift */ = {isa = PBXFileReference; fileEncoding = 4; lastKnownFileType = sourcecode.swift; path = "Date+Extension.swift"; sourceTree = "<group>"; };
		E04C76202463B4EF00642395 /* UILabel+Extension.swift */ = {isa = PBXFileReference; fileEncoding = 4; lastKnownFileType = sourcecode.swift; path = "UILabel+Extension.swift"; sourceTree = "<group>"; };
		E04C76212463B4EF00642395 /* UIView+Extension.swift */ = {isa = PBXFileReference; fileEncoding = 4; lastKnownFileType = sourcecode.swift; path = "UIView+Extension.swift"; sourceTree = "<group>"; };
		E04C76222463B4EF00642395 /* Bundle+Extension.swift */ = {isa = PBXFileReference; fileEncoding = 4; lastKnownFileType = sourcecode.swift; path = "Bundle+Extension.swift"; sourceTree = "<group>"; };
		E04C76232463B4EF00642395 /* URL+Extension.swift */ = {isa = PBXFileReference; fileEncoding = 4; lastKnownFileType = sourcecode.swift; path = "URL+Extension.swift"; sourceTree = "<group>"; };
		E04C76242463B4EF00642395 /* UIViewController+Extension.swift */ = {isa = PBXFileReference; fileEncoding = 4; lastKnownFileType = sourcecode.swift; path = "UIViewController+Extension.swift"; sourceTree = "<group>"; };
		E04C76252463B4EF00642395 /* String+Extension.swift */ = {isa = PBXFileReference; fileEncoding = 4; lastKnownFileType = sourcecode.swift; path = "String+Extension.swift"; sourceTree = "<group>"; };
		E04C76262463B4EF00642395 /* UIStoryBoard+Extension.swift */ = {isa = PBXFileReference; fileEncoding = 4; lastKnownFileType = sourcecode.swift; path = "UIStoryBoard+Extension.swift"; sourceTree = "<group>"; };
		E04C76272463B4EF00642395 /* UIView+Constraint.swift */ = {isa = PBXFileReference; fileEncoding = 4; lastKnownFileType = sourcecode.swift; path = "UIView+Constraint.swift"; sourceTree = "<group>"; };
		E04C76282463B4EF00642395 /* UIImage+Gradient.swift */ = {isa = PBXFileReference; fileEncoding = 4; lastKnownFileType = sourcecode.swift; path = "UIImage+Gradient.swift"; sourceTree = "<group>"; };
		E04C76292463B4EF00642395 /* Number+Extension.swift */ = {isa = PBXFileReference; fileEncoding = 4; lastKnownFileType = sourcecode.swift; path = "Number+Extension.swift"; sourceTree = "<group>"; };
		E04C762A2463B4EF00642395 /* NSData+Hash.swift */ = {isa = PBXFileReference; fileEncoding = 4; lastKnownFileType = sourcecode.swift; path = "NSData+Hash.swift"; sourceTree = "<group>"; };
		E04C762B2463B4EF00642395 /* Dictionary+Extension.swift */ = {isa = PBXFileReference; fileEncoding = 4; lastKnownFileType = sourcecode.swift; path = "Dictionary+Extension.swift"; sourceTree = "<group>"; };
		E04C762C2463B4EF00642395 /* DateFormatter.swift */ = {isa = PBXFileReference; fileEncoding = 4; lastKnownFileType = sourcecode.swift; path = DateFormatter.swift; sourceTree = "<group>"; };
		E04C762D2463B4EF00642395 /* UITapGestureRecognizer+Extension.swift */ = {isa = PBXFileReference; fileEncoding = 4; lastKnownFileType = sourcecode.swift; path = "UITapGestureRecognizer+Extension.swift"; sourceTree = "<group>"; };
		E04C762E2463B4EF00642395 /* UIStackView+Utility.swift */ = {isa = PBXFileReference; fileEncoding = 4; lastKnownFileType = sourcecode.swift; path = "UIStackView+Utility.swift"; sourceTree = "<group>"; };
		E04C762F2463B4EF00642395 /* CGRect+Extension.swift */ = {isa = PBXFileReference; fileEncoding = 4; lastKnownFileType = sourcecode.swift; path = "CGRect+Extension.swift"; sourceTree = "<group>"; };
		E04C76302463B4EF00642395 /* UIView+IBInspectable.swift */ = {isa = PBXFileReference; fileEncoding = 4; lastKnownFileType = sourcecode.swift; path = "UIView+IBInspectable.swift"; sourceTree = "<group>"; };
		E04C76312463B4EF00642395 /* .gitkeep */ = {isa = PBXFileReference; fileEncoding = 4; lastKnownFileType = text; path = .gitkeep; sourceTree = "<group>"; };
		E04C76332463B4EF00642395 /* PostalCode.swift */ = {isa = PBXFileReference; fileEncoding = 4; lastKnownFileType = sourcecode.swift; path = PostalCode.swift; sourceTree = "<group>"; };
		E04C76342463B4EF00642395 /* Phone.swift */ = {isa = PBXFileReference; fileEncoding = 4; lastKnownFileType = sourcecode.swift; path = Phone.swift; sourceTree = "<group>"; };
		E04C76352463B4EF00642395 /* Regex.swift */ = {isa = PBXFileReference; fileEncoding = 4; lastKnownFileType = sourcecode.swift; path = Regex.swift; sourceTree = "<group>"; };
		E04C76362463B4EF00642395 /* ReplaceMe.swift */ = {isa = PBXFileReference; fileEncoding = 4; lastKnownFileType = sourcecode.swift; path = ReplaceMe.swift; sourceTree = "<group>"; };
		E04C76392463B4EF00642395 /* LocationServices.swift */ = {isa = PBXFileReference; fileEncoding = 4; lastKnownFileType = sourcecode.swift; path = LocationServices.swift; sourceTree = "<group>"; };
		E04C763B2463B4EF00642395 /* BaseOperation.swift */ = {isa = PBXFileReference; fileEncoding = 4; lastKnownFileType = sourcecode.swift; path = BaseOperation.swift; sourceTree = "<group>"; };
		E04C763D2463B4EF00642395 /* NetworkManager.swift */ = {isa = PBXFileReference; fileEncoding = 4; lastKnownFileType = sourcecode.swift; path = NetworkManager.swift; sourceTree = "<group>"; };
		E04C763F2463B4EF00642395 /* NetworkType.swift */ = {isa = PBXFileReference; fileEncoding = 4; lastKnownFileType = sourcecode.swift; path = NetworkType.swift; sourceTree = "<group>"; };
		E04C76402463B4EF00642395 /* Platform.swift */ = {isa = PBXFileReference; fileEncoding = 4; lastKnownFileType = sourcecode.swift; path = Platform.swift; sourceTree = "<group>"; };
		E04C76412463B4EF00642395 /* Reachability.swift */ = {isa = PBXFileReference; fileEncoding = 4; lastKnownFileType = sourcecode.swift; path = Reachability.swift; sourceTree = "<group>"; };
		E04C76432463B4EF00642395 /* AnimationQueue.swift */ = {isa = PBXFileReference; fileEncoding = 4; lastKnownFileType = sourcecode.swift; path = AnimationQueue.swift; sourceTree = "<group>"; };
		E04C76472463B4EF00642395 /* Dimmable.swift */ = {isa = PBXFileReference; fileEncoding = 4; lastKnownFileType = sourcecode.swift; path = Dimmable.swift; sourceTree = "<group>"; };
		E04C76482463B4EF00642395 /* Movable.swift */ = {isa = PBXFileReference; fileEncoding = 4; lastKnownFileType = sourcecode.swift; path = Movable.swift; sourceTree = "<group>"; };
		E04C76492463B4EF00642395 /* MovableAndDimmable.swift */ = {isa = PBXFileReference; fileEncoding = 4; lastKnownFileType = sourcecode.swift; path = MovableAndDimmable.swift; sourceTree = "<group>"; };
		E04C764A2463B4EF00642395 /* ParalaxEffect.swift */ = {isa = PBXFileReference; fileEncoding = 4; lastKnownFileType = sourcecode.swift; path = ParalaxEffect.swift; sourceTree = "<group>"; };
		E04C764B2463B4EF00642395 /* Flashable.swift */ = {isa = PBXFileReference; fileEncoding = 4; lastKnownFileType = sourcecode.swift; path = Flashable.swift; sourceTree = "<group>"; };
		E04C764D2463B4EF00642395 /* ParallaxHeaderMode.swift */ = {isa = PBXFileReference; fileEncoding = 4; lastKnownFileType = sourcecode.swift; path = ParallaxHeaderMode.swift; sourceTree = "<group>"; };
		E04C764E2463B4EF00642395 /* UIScrollView+ParallaxHeader.swift */ = {isa = PBXFileReference; fileEncoding = 4; lastKnownFileType = sourcecode.swift; path = "UIScrollView+ParallaxHeader.swift"; sourceTree = "<group>"; };
		E04C764F2463B4EF00642395 /* ParallaxHeader.swift */ = {isa = PBXFileReference; fileEncoding = 4; lastKnownFileType = sourcecode.swift; path = ParallaxHeader.swift; sourceTree = "<group>"; };
		E04C76502463B4EF00642395 /* Cyclable.swift */ = {isa = PBXFileReference; fileEncoding = 4; lastKnownFileType = sourcecode.swift; path = Cyclable.swift; sourceTree = "<group>"; };
		E04C76822463B7D200642395 /* String+CommonCrypto.swift */ = {isa = PBXFileReference; lastKnownFileType = sourcecode.swift; path = "String+CommonCrypto.swift"; sourceTree = "<group>"; };
		E04C76842463B8E000642395 /* DataCache.swift */ = {isa = PBXFileReference; lastKnownFileType = sourcecode.swift; path = DataCache.swift; sourceTree = "<group>"; };
		E04C76862464121F00642395 /* FileNameGenerator.swift */ = {isa = PBXFileReference; lastKnownFileType = sourcecode.swift; path = FileNameGenerator.swift; sourceTree = "<group>"; };
		E05F243A2474072E00454326 /* DataLoader.swift */ = {isa = PBXFileReference; lastKnownFileType = sourcecode.swift; path = DataLoader.swift; sourceTree = "<group>"; };
		E08635F42472EC4F005FA465 /* UIImage+Extension.swift */ = {isa = PBXFileReference; lastKnownFileType = sourcecode.swift; path = "UIImage+Extension.swift"; sourceTree = "<group>"; };
		E0E83C76247F74DF00F1276B /* DownloadModel.swift */ = {isa = PBXFileReference; lastKnownFileType = sourcecode.swift; path = DownloadModel.swift; sourceTree = "<group>"; };
/* End PBXFileReference section */

/* Begin PBXFrameworksBuildPhase section */
		607FACCD1AFB9204008FA782 /* Frameworks */ = {
			isa = PBXFrameworksBuildPhase;
			buildActionMask = 2147483647;
			files = (
				685152789866723D6AD20088 /* Pods_SwiftCore_Example.framework in Frameworks */,
			);
			runOnlyForDeploymentPostprocessing = 0;
		};
		607FACE21AFB9204008FA782 /* Frameworks */ = {
			isa = PBXFrameworksBuildPhase;
			buildActionMask = 2147483647;
			files = (
				39F2B44F2FF82E47FFC0B63D /* Pods_SwiftCore_Tests.framework in Frameworks */,
			);
			runOnlyForDeploymentPostprocessing = 0;
		};
/* End PBXFrameworksBuildPhase section */

/* Begin PBXGroup section */
		5B87F18631939A6B1F081769 /* Frameworks */ = {
			isa = PBXGroup;
			children = (
				38947035E687468C6920C157 /* Pods_SwiftCore_Example.framework */,
				CC4715EC7A4A04A601F1E0F7 /* Pods_SwiftCore_Tests.framework */,
			);
			name = Frameworks;
			sourceTree = "<group>";
		};
		607FACC71AFB9204008FA782 = {
			isa = PBXGroup;
			children = (
				607FACF51AFB993E008FA782 /* Podspec Metadata */,
				607FACD21AFB9204008FA782 /* Example for SwiftCore */,
				607FACE81AFB9204008FA782 /* Tests */,
				607FACD11AFB9204008FA782 /* Products */,
				9454CD22E4DD9AC9B3984F1B /* Pods */,
				5B87F18631939A6B1F081769 /* Frameworks */,
			);
			sourceTree = "<group>";
		};
		607FACD11AFB9204008FA782 /* Products */ = {
			isa = PBXGroup;
			children = (
				607FACD01AFB9204008FA782 /* SwiftCore_Example.app */,
				607FACE51AFB9204008FA782 /* SwiftCore_Tests.xctest */,
			);
			name = Products;
			sourceTree = "<group>";
		};
		607FACD21AFB9204008FA782 /* Example for SwiftCore */ = {
			isa = PBXGroup;
			children = (
				E04C76172463B4EF00642395 /* Classes */,
				607FACD51AFB9204008FA782 /* AppDelegate.swift */,
				607FACD71AFB9204008FA782 /* ViewController.swift */,
				607FACD91AFB9204008FA782 /* Main.storyboard */,
				607FACDC1AFB9204008FA782 /* Images.xcassets */,
				607FACDE1AFB9204008FA782 /* LaunchScreen.xib */,
				607FACD31AFB9204008FA782 /* Supporting Files */,
			);
			name = "Example for SwiftCore";
			path = SwiftCore;
			sourceTree = "<group>";
		};
		607FACD31AFB9204008FA782 /* Supporting Files */ = {
			isa = PBXGroup;
			children = (
				607FACD41AFB9204008FA782 /* Info.plist */,
			);
			name = "Supporting Files";
			sourceTree = "<group>";
		};
		607FACE81AFB9204008FA782 /* Tests */ = {
			isa = PBXGroup;
			children = (
				607FACEB1AFB9204008FA782 /* Tests.swift */,
				607FACE91AFB9204008FA782 /* Supporting Files */,
			);
			path = Tests;
			sourceTree = "<group>";
		};
		607FACE91AFB9204008FA782 /* Supporting Files */ = {
			isa = PBXGroup;
			children = (
				607FACEA1AFB9204008FA782 /* Info.plist */,
			);
			name = "Supporting Files";
			sourceTree = "<group>";
		};
		607FACF51AFB993E008FA782 /* Podspec Metadata */ = {
			isa = PBXGroup;
			children = (
				6755E615F16B20B60B257A12 /* SwiftCore.podspec */,
				13A2479209C96B8B523ECDA7 /* README.md */,
				ACEEBE0EDD84195F777CD556 /* LICENSE */,
			);
			name = "Podspec Metadata";
			sourceTree = "<group>";
		};
		9454CD22E4DD9AC9B3984F1B /* Pods */ = {
			isa = PBXGroup;
			children = (
				A738C98C7DC85845E647A887 /* Pods-SwiftCore_Example.debug.xcconfig */,
				9FBB061BC580582C0210E166 /* Pods-SwiftCore_Example.release.xcconfig */,
				2BAA576C10042619F6FDA49D /* Pods-SwiftCore_Tests.debug.xcconfig */,
				99EF9D39BCC07D74068DFF00 /* Pods-SwiftCore_Tests.release.xcconfig */,
			);
			path = Pods;
			sourceTree = "<group>";
		};
		E0091E97247C1F1A0026C3E7 /* DownloadHelper */ = {
			isa = PBXGroup;
			children = (
				E05F243A2474072E00454326 /* DataLoader.swift */,
				E0091E9A247C22160026C3E7 /* DataLoader+Default.swift */,
				E0091E98247C1F320026C3E7 /* DataLoaderSource.swift */,
				E0E83C76247F74DF00F1276B /* DownloadModel.swift */,
			);
			path = DownloadHelper;
			sourceTree = "<group>";
		};
		E04C76172463B4EF00642395 /* Classes */ = {
			isa = PBXGroup;
			children = (
				E04C76312463B4EF00642395 /* .gitkeep */,
				E04C76362463B4EF00642395 /* ReplaceMe.swift */,
				E04C76182463B4EF00642395 /* Extension */,
				E04C76322463B4EF00642395 /* Models */,
				E04C76372463B4EF00642395 /* Services */,
			);
			name = Classes;
			path = ../../SwiftCore/Classes;
			sourceTree = "<group>";
		};
		E04C76182463B4EF00642395 /* Extension */ = {
			isa = PBXGroup;
			children = (
				E04C76222463B4EF00642395 /* Bundle+Extension.swift */,
				E04C762F2463B4EF00642395 /* CGRect+Extension.swift */,
				E04C761F2463B4EF00642395 /* Date+Extension.swift */,
				E04C762C2463B4EF00642395 /* DateFormatter.swift */,
				E04C762B2463B4EF00642395 /* Dictionary+Extension.swift */,
				E04C761E2463B4EF00642395 /* Enum+Extension.swift */,
				E04C761A2463B4EF00642395 /* NSAttributedString+Extension.swift */,
				E04C762A2463B4EF00642395 /* NSData+Hash.swift */,
				E04C76292463B4EF00642395 /* Number+Extension.swift */,
				E04C76822463B7D200642395 /* String+CommonCrypto.swift */,
				E04C76252463B4EF00642395 /* String+Extension.swift */,
				E04C761B2463B4EF00642395 /* UIAlertController+Extension.swift */,
				E04C761D2463B4EF00642395 /* UIButton+Extensions.swift */,
				E04C761C2463B4EF00642395 /* UIColor+Extension.swift */,
				E04C76192463B4EF00642395 /* UIDevice+Extension.swift */,
				E08635F42472EC4F005FA465 /* UIImage+Extension.swift */,
				E04C76282463B4EF00642395 /* UIImage+Gradient.swift */,
				E04C76202463B4EF00642395 /* UILabel+Extension.swift */,
				E04C762E2463B4EF00642395 /* UIStackView+Utility.swift */,
				E04C76262463B4EF00642395 /* UIStoryBoard+Extension.swift */,
				E04C762D2463B4EF00642395 /* UITapGestureRecognizer+Extension.swift */,
				E04C76272463B4EF00642395 /* UIView+Constraint.swift */,
				E04C76212463B4EF00642395 /* UIView+Extension.swift */,
				E04C76302463B4EF00642395 /* UIView+IBInspectable.swift */,
				E04C76242463B4EF00642395 /* UIViewController+Extension.swift */,
				E04C76232463B4EF00642395 /* URL+Extension.swift */,
			);
			path = Extension;
			sourceTree = "<group>";
		};
		E04C76322463B4EF00642395 /* Models */ = {
			isa = PBXGroup;
			children = (
				E04C76332463B4EF00642395 /* PostalCode.swift */,
				E04C76342463B4EF00642395 /* Phone.swift */,
				E04C76352463B4EF00642395 /* Regex.swift */,
			);
			path = Models;
			sourceTree = "<group>";
		};
		E04C76372463B4EF00642395 /* Services */ = {
			isa = PBXGroup;
			children = (
				E04C76382463B4EF00642395 /* LocationServices */,
				E04C763A2463B4EF00642395 /* Operation */,
				E04C763C2463B4EF00642395 /* NetworkManager */,
				E04C76422463B4EF00642395 /* AnimationQueue */,
				E04C76462463B4EF00642395 /* Animation */,
				E04C76512463B4EF00642395 /* ImageDownloadManager */,
				E04C76522463B4EF00642395 /* Caching */,
			);
			path = Services;
			sourceTree = "<group>";
		};
		E04C76382463B4EF00642395 /* LocationServices */ = {
			isa = PBXGroup;
			children = (
				E04C76392463B4EF00642395 /* LocationServices.swift */,
			);
			path = LocationServices;
			sourceTree = "<group>";
		};
		E04C763A2463B4EF00642395 /* Operation */ = {
			isa = PBXGroup;
			children = (
				E04C763B2463B4EF00642395 /* BaseOperation.swift */,
			);
			path = Operation;
			sourceTree = "<group>";
		};
		E04C763C2463B4EF00642395 /* NetworkManager */ = {
			isa = PBXGroup;
			children = (
				E04C763D2463B4EF00642395 /* NetworkManager.swift */,
				E04C763E2463B4EF00642395 /* Models */,
				E04C76412463B4EF00642395 /* Reachability.swift */,
			);
			path = NetworkManager;
			sourceTree = "<group>";
		};
		E04C763E2463B4EF00642395 /* Models */ = {
			isa = PBXGroup;
			children = (
				E04C763F2463B4EF00642395 /* NetworkType.swift */,
				E04C76402463B4EF00642395 /* Platform.swift */,
			);
			path = Models;
			sourceTree = "<group>";
		};
		E04C76422463B4EF00642395 /* AnimationQueue */ = {
			isa = PBXGroup;
			children = (
				E04C76432463B4EF00642395 /* AnimationQueue.swift */,
			);
			path = AnimationQueue;
			sourceTree = "<group>";
		};
		E04C76462463B4EF00642395 /* Animation */ = {
			isa = PBXGroup;
			children = (
				E04C76472463B4EF00642395 /* Dimmable.swift */,
				E04C76482463B4EF00642395 /* Movable.swift */,
				E04C76492463B4EF00642395 /* MovableAndDimmable.swift */,
				E04C764A2463B4EF00642395 /* ParalaxEffect.swift */,
				E04C764B2463B4EF00642395 /* Flashable.swift */,
				E04C764C2463B4EF00642395 /* ParalaxHeaderEffect */,
				E04C76502463B4EF00642395 /* Cyclable.swift */,
			);
			path = Animation;
			sourceTree = "<group>";
		};
		E04C764C2463B4EF00642395 /* ParalaxHeaderEffect */ = {
			isa = PBXGroup;
			children = (
				E04C764D2463B4EF00642395 /* ParallaxHeaderMode.swift */,
				E04C764E2463B4EF00642395 /* UIScrollView+ParallaxHeader.swift */,
				E04C764F2463B4EF00642395 /* ParallaxHeader.swift */,
			);
			path = ParalaxHeaderEffect;
			sourceTree = "<group>";
		};
		E04C76512463B4EF00642395 /* ImageDownloadManager */ = {
			isa = PBXGroup;
			children = (
			);
			path = ImageDownloadManager;
			sourceTree = "<group>";
		};
		E04C76522463B4EF00642395 /* Caching */ = {
			isa = PBXGroup;
			children = (
				E0091E97247C1F1A0026C3E7 /* DownloadHelper */,
				E04C76842463B8E000642395 /* DataCache.swift */,
				E04C76862464121F00642395 /* FileNameGenerator.swift */,
			);
			path = Caching;
			sourceTree = "<group>";
		};
/* End PBXGroup section */

/* Begin PBXNativeTarget section */
		607FACCF1AFB9204008FA782 /* SwiftCore_Example */ = {
			isa = PBXNativeTarget;
			buildConfigurationList = 607FACEF1AFB9204008FA782 /* Build configuration list for PBXNativeTarget "SwiftCore_Example" */;
			buildPhases = (
				BE0F55C5A579D5C8B8795BE8 /* [CP] Check Pods Manifest.lock */,
				607FACCC1AFB9204008FA782 /* Sources */,
				607FACCD1AFB9204008FA782 /* Frameworks */,
				607FACCE1AFB9204008FA782 /* Resources */,
			);
			buildRules = (
			);
			dependencies = (
			);
			name = SwiftCore_Example;
			productName = SwiftCore;
			productReference = 607FACD01AFB9204008FA782 /* SwiftCore_Example.app */;
			productType = "com.apple.product-type.application";
		};
		607FACE41AFB9204008FA782 /* SwiftCore_Tests */ = {
			isa = PBXNativeTarget;
			buildConfigurationList = 607FACF21AFB9204008FA782 /* Build configuration list for PBXNativeTarget "SwiftCore_Tests" */;
			buildPhases = (
				3036EAD355FED5CC511B305B /* [CP] Check Pods Manifest.lock */,
				607FACE11AFB9204008FA782 /* Sources */,
				607FACE21AFB9204008FA782 /* Frameworks */,
				607FACE31AFB9204008FA782 /* Resources */,
				AEE763E40B1F8859D402DD3D /* [CP] Embed Pods Frameworks */,
			);
			buildRules = (
			);
			dependencies = (
				607FACE71AFB9204008FA782 /* PBXTargetDependency */,
			);
			name = SwiftCore_Tests;
			productName = Tests;
			productReference = 607FACE51AFB9204008FA782 /* SwiftCore_Tests.xctest */;
			productType = "com.apple.product-type.bundle.unit-test";
		};
/* End PBXNativeTarget section */

/* Begin PBXProject section */
		607FACC81AFB9204008FA782 /* Project object */ = {
			isa = PBXProject;
			attributes = {
				LastSwiftUpdateCheck = 0830;
				LastUpgradeCheck = 0830;
				ORGANIZATIONNAME = CocoaPods;
				TargetAttributes = {
					607FACCF1AFB9204008FA782 = {
						CreatedOnToolsVersion = 6.3.1;
						LastSwiftMigration = 0900;
					};
					607FACE41AFB9204008FA782 = {
						CreatedOnToolsVersion = 6.3.1;
						LastSwiftMigration = 0900;
						TestTargetID = 607FACCF1AFB9204008FA782;
					};
				};
			};
			buildConfigurationList = 607FACCB1AFB9204008FA782 /* Build configuration list for PBXProject "SwiftCore" */;
			compatibilityVersion = "Xcode 3.2";
			developmentRegion = English;
			hasScannedForEncodings = 0;
			knownRegions = (
				English,
				en,
				Base,
			);
			mainGroup = 607FACC71AFB9204008FA782;
			productRefGroup = 607FACD11AFB9204008FA782 /* Products */;
			projectDirPath = "";
			projectRoot = "";
			targets = (
				607FACCF1AFB9204008FA782 /* SwiftCore_Example */,
				607FACE41AFB9204008FA782 /* SwiftCore_Tests */,
			);
		};
/* End PBXProject section */

/* Begin PBXResourcesBuildPhase section */
		607FACCE1AFB9204008FA782 /* Resources */ = {
			isa = PBXResourcesBuildPhase;
			buildActionMask = 2147483647;
			files = (
				607FACDB1AFB9204008FA782 /* Main.storyboard in Resources */,
				607FACE01AFB9204008FA782 /* LaunchScreen.xib in Resources */,
				607FACDD1AFB9204008FA782 /* Images.xcassets in Resources */,
				E04C766C2463B4EF00642395 /* .gitkeep in Resources */,
			);
			runOnlyForDeploymentPostprocessing = 0;
		};
		607FACE31AFB9204008FA782 /* Resources */ = {
			isa = PBXResourcesBuildPhase;
			buildActionMask = 2147483647;
			files = (
			);
			runOnlyForDeploymentPostprocessing = 0;
		};
/* End PBXResourcesBuildPhase section */

/* Begin PBXShellScriptBuildPhase section */
		3036EAD355FED5CC511B305B /* [CP] Check Pods Manifest.lock */ = {
			isa = PBXShellScriptBuildPhase;
			buildActionMask = 2147483647;
			files = (
			);
			inputFileListPaths = (
			);
			inputPaths = (
				"${PODS_PODFILE_DIR_PATH}/Podfile.lock",
				"${PODS_ROOT}/Manifest.lock",
			);
			name = "[CP] Check Pods Manifest.lock";
			outputFileListPaths = (
			);
			outputPaths = (
				"$(DERIVED_FILE_DIR)/Pods-SwiftCore_Tests-checkManifestLockResult.txt",
			);
			runOnlyForDeploymentPostprocessing = 0;
			shellPath = /bin/sh;
			shellScript = "diff \"${PODS_PODFILE_DIR_PATH}/Podfile.lock\" \"${PODS_ROOT}/Manifest.lock\" > /dev/null\nif [ $? != 0 ] ; then\n    # print error to STDERR\n    echo \"error: The sandbox is not in sync with the Podfile.lock. Run 'pod install' or update your CocoaPods installation.\" >&2\n    exit 1\nfi\n# This output is used by Xcode 'outputs' to avoid re-running this script phase.\necho \"SUCCESS\" > \"${SCRIPT_OUTPUT_FILE_0}\"\n";
			showEnvVarsInLog = 0;
		};
		AEE763E40B1F8859D402DD3D /* [CP] Embed Pods Frameworks */ = {
			isa = PBXShellScriptBuildPhase;
			buildActionMask = 2147483647;
			files = (
			);
			inputPaths = (
				"${PODS_ROOT}/Target Support Files/Pods-SwiftCore_Tests/Pods-SwiftCore_Tests-frameworks.sh",
				"${BUILT_PRODUCTS_DIR}/FBSnapshotTestCase/FBSnapshotTestCase.framework",
				"${BUILT_PRODUCTS_DIR}/Nimble/Nimble.framework",
				"${BUILT_PRODUCTS_DIR}/Nimble-Snapshots/Nimble_Snapshots.framework",
				"${BUILT_PRODUCTS_DIR}/Quick/Quick.framework",
			);
			name = "[CP] Embed Pods Frameworks";
			outputPaths = (
				"${TARGET_BUILD_DIR}/${FRAMEWORKS_FOLDER_PATH}/FBSnapshotTestCase.framework",
				"${TARGET_BUILD_DIR}/${FRAMEWORKS_FOLDER_PATH}/Nimble.framework",
				"${TARGET_BUILD_DIR}/${FRAMEWORKS_FOLDER_PATH}/Nimble_Snapshots.framework",
				"${TARGET_BUILD_DIR}/${FRAMEWORKS_FOLDER_PATH}/Quick.framework",
			);
			runOnlyForDeploymentPostprocessing = 0;
			shellPath = /bin/sh;
			shellScript = "\"${PODS_ROOT}/Target Support Files/Pods-SwiftCore_Tests/Pods-SwiftCore_Tests-frameworks.sh\"\n";
			showEnvVarsInLog = 0;
		};
		BE0F55C5A579D5C8B8795BE8 /* [CP] Check Pods Manifest.lock */ = {
			isa = PBXShellScriptBuildPhase;
			buildActionMask = 2147483647;
			files = (
			);
			inputFileListPaths = (
			);
			inputPaths = (
				"${PODS_PODFILE_DIR_PATH}/Podfile.lock",
				"${PODS_ROOT}/Manifest.lock",
			);
			name = "[CP] Check Pods Manifest.lock";
			outputFileListPaths = (
			);
			outputPaths = (
				"$(DERIVED_FILE_DIR)/Pods-SwiftCore_Example-checkManifestLockResult.txt",
			);
			runOnlyForDeploymentPostprocessing = 0;
			shellPath = /bin/sh;
			shellScript = "diff \"${PODS_PODFILE_DIR_PATH}/Podfile.lock\" \"${PODS_ROOT}/Manifest.lock\" > /dev/null\nif [ $? != 0 ] ; then\n    # print error to STDERR\n    echo \"error: The sandbox is not in sync with the Podfile.lock. Run 'pod install' or update your CocoaPods installation.\" >&2\n    exit 1\nfi\n# This output is used by Xcode 'outputs' to avoid re-running this script phase.\necho \"SUCCESS\" > \"${SCRIPT_OUTPUT_FILE_0}\"\n";
			showEnvVarsInLog = 0;
		};
/* End PBXShellScriptBuildPhase section */

/* Begin PBXSourcesBuildPhase section */
		607FACCC1AFB9204008FA782 /* Sources */ = {
			isa = PBXSourcesBuildPhase;
			buildActionMask = 2147483647;
			files = (
				E04C76832463B7D200642395 /* String+CommonCrypto.swift in Sources */,
				E04C76752463B4EF00642395 /* Platform.swift in Sources */,
				E04C766D2463B4EF00642395 /* PostalCode.swift in Sources */,
				E04C765C2463B4EF00642395 /* UIView+Extension.swift in Sources */,
				E04C76812463B4EF00642395 /* Cyclable.swift in Sources */,
				E04C767F2463B4EF00642395 /* UIScrollView+ParallaxHeader.swift in Sources */,
				E04C76632463B4EF00642395 /* UIImage+Gradient.swift in Sources */,
				E04C76692463B4EF00642395 /* UIStackView+Utility.swift in Sources */,
				E04C766E2463B4EF00642395 /* Phone.swift in Sources */,
				E04C767A2463B4EF00642395 /* Movable.swift in Sources */,
				607FACD81AFB9204008FA782 /* ViewController.swift in Sources */,
				E04C76872464121F00642395 /* FileNameGenerator.swift in Sources */,
				E04C76712463B4EF00642395 /* LocationServices.swift in Sources */,
				E04C76792463B4EF00642395 /* Dimmable.swift in Sources */,
				E04C767B2463B4EF00642395 /* MovableAndDimmable.swift in Sources */,
				E04C76582463B4EF00642395 /* UIButton+Extensions.swift in Sources */,
				E04C765B2463B4EF00642395 /* UILabel+Extension.swift in Sources */,
				E08635F52472EC4F005FA465 /* UIImage+Extension.swift in Sources */,
				E04C765F2463B4EF00642395 /* UIViewController+Extension.swift in Sources */,
				E04C76562463B4EF00642395 /* UIAlertController+Extension.swift in Sources */,
				E04C76612463B4EF00642395 /* UIStoryBoard+Extension.swift in Sources */,
				E0091E9B247C22160026C3E7 /* DataLoader+Default.swift in Sources */,
				E04C76662463B4EF00642395 /* Dictionary+Extension.swift in Sources */,
				E04C76762463B4EF00642395 /* Reachability.swift in Sources */,
				E04C767E2463B4EF00642395 /* ParallaxHeaderMode.swift in Sources */,
				E05F243B2474072E00454326 /* DataLoader.swift in Sources */,
				E04C76622463B4EF00642395 /* UIView+Constraint.swift in Sources */,
				E04C76742463B4EF00642395 /* NetworkType.swift in Sources */,
				E0091E99247C1F320026C3E7 /* DataLoaderSource.swift in Sources */,
				E04C76552463B4EF00642395 /* NSAttributedString+Extension.swift in Sources */,
				E04C76802463B4EF00642395 /* ParallaxHeader.swift in Sources */,
				E04C76732463B4EF00642395 /* NetworkManager.swift in Sources */,
				E04C76592463B4EF00642395 /* Enum+Extension.swift in Sources */,
				E04C766F2463B4EF00642395 /* Regex.swift in Sources */,
				E04C767C2463B4EF00642395 /* ParalaxEffect.swift in Sources */,
				E04C765D2463B4EF00642395 /* Bundle+Extension.swift in Sources */,
				E04C766A2463B4EF00642395 /* CGRect+Extension.swift in Sources */,
				E04C765E2463B4EF00642395 /* URL+Extension.swift in Sources */,
				E04C76572463B4EF00642395 /* UIColor+Extension.swift in Sources */,
				E04C76652463B4EF00642395 /* NSData+Hash.swift in Sources */,
				E04C766B2463B4EF00642395 /* UIView+IBInspectable.swift in Sources */,
				E0E83C77247F74DF00F1276B /* DownloadModel.swift in Sources */,
				E04C76682463B4EF00642395 /* UITapGestureRecognizer+Extension.swift in Sources */,
				E04C76672463B4EF00642395 /* DateFormatter.swift in Sources */,
				E04C767D2463B4EF00642395 /* Flashable.swift in Sources */,
				E04C76702463B4EF00642395 /* ReplaceMe.swift in Sources */,
				E04C76722463B4EF00642395 /* BaseOperation.swift in Sources */,
				E04C76542463B4EF00642395 /* UIDevice+Extension.swift in Sources */,
				E04C76852463B8E000642395 /* DataCache.swift in Sources */,
				607FACD61AFB9204008FA782 /* AppDelegate.swift in Sources */,
				E04C76642463B4EF00642395 /* Number+Extension.swift in Sources */,
				E04C76602463B4EF00642395 /* String+Extension.swift in Sources */,
				E04C76772463B4EF00642395 /* AnimationQueue.swift in Sources */,
				E04C765A2463B4EF00642395 /* Date+Extension.swift in Sources */,
			);
			runOnlyForDeploymentPostprocessing = 0;
		};
		607FACE11AFB9204008FA782 /* Sources */ = {
			isa = PBXSourcesBuildPhase;
			buildActionMask = 2147483647;
			files = (
				607FACEC1AFB9204008FA782 /* Tests.swift in Sources */,
			);
			runOnlyForDeploymentPostprocessing = 0;
		};
/* End PBXSourcesBuildPhase section */

/* Begin PBXTargetDependency section */
		607FACE71AFB9204008FA782 /* PBXTargetDependency */ = {
			isa = PBXTargetDependency;
			target = 607FACCF1AFB9204008FA782 /* SwiftCore_Example */;
			targetProxy = 607FACE61AFB9204008FA782 /* PBXContainerItemProxy */;
		};
/* End PBXTargetDependency section */

/* Begin PBXVariantGroup section */
		607FACD91AFB9204008FA782 /* Main.storyboard */ = {
			isa = PBXVariantGroup;
			children = (
				607FACDA1AFB9204008FA782 /* Base */,
			);
			name = Main.storyboard;
			sourceTree = "<group>";
		};
		607FACDE1AFB9204008FA782 /* LaunchScreen.xib */ = {
			isa = PBXVariantGroup;
			children = (
				607FACDF1AFB9204008FA782 /* Base */,
			);
			name = LaunchScreen.xib;
			sourceTree = "<group>";
		};
/* End PBXVariantGroup section */

/* Begin XCBuildConfiguration section */
		607FACED1AFB9204008FA782 /* Debug */ = {
			isa = XCBuildConfiguration;
			buildSettings = {
				ALWAYS_SEARCH_USER_PATHS = NO;
				CLANG_CXX_LANGUAGE_STANDARD = "gnu++0x";
				CLANG_CXX_LIBRARY = "libc++";
				CLANG_ENABLE_MODULES = YES;
				CLANG_ENABLE_OBJC_ARC = YES;
				CLANG_WARN_BLOCK_CAPTURE_AUTORELEASING = YES;
				CLANG_WARN_BOOL_CONVERSION = YES;
				CLANG_WARN_COMMA = YES;
				CLANG_WARN_CONSTANT_CONVERSION = YES;
				CLANG_WARN_DIRECT_OBJC_ISA_USAGE = YES_ERROR;
				CLANG_WARN_EMPTY_BODY = YES;
				CLANG_WARN_ENUM_CONVERSION = YES;
				CLANG_WARN_INFINITE_RECURSION = YES;
				CLANG_WARN_INT_CONVERSION = YES;
				CLANG_WARN_NON_LITERAL_NULL_CONVERSION = YES;
				CLANG_WARN_OBJC_LITERAL_CONVERSION = YES;
				CLANG_WARN_OBJC_ROOT_CLASS = YES_ERROR;
				CLANG_WARN_RANGE_LOOP_ANALYSIS = YES;
				CLANG_WARN_STRICT_PROTOTYPES = YES;
				CLANG_WARN_SUSPICIOUS_MOVE = YES;
				CLANG_WARN_UNREACHABLE_CODE = YES;
				CLANG_WARN__DUPLICATE_METHOD_MATCH = YES;
				"CODE_SIGN_IDENTITY[sdk=iphoneos*]" = "iPhone Developer";
				COPY_PHASE_STRIP = NO;
				DEBUG_INFORMATION_FORMAT = "dwarf-with-dsym";
				ENABLE_STRICT_OBJC_MSGSEND = YES;
				ENABLE_TESTABILITY = YES;
				GCC_C_LANGUAGE_STANDARD = gnu99;
				GCC_DYNAMIC_NO_PIC = NO;
				GCC_NO_COMMON_BLOCKS = YES;
				GCC_OPTIMIZATION_LEVEL = 0;
				GCC_PREPROCESSOR_DEFINITIONS = (
					"DEBUG=1",
					"$(inherited)",
				);
				GCC_SYMBOLS_PRIVATE_EXTERN = NO;
				GCC_WARN_64_TO_32_BIT_CONVERSION = YES;
				GCC_WARN_ABOUT_RETURN_TYPE = YES_ERROR;
				GCC_WARN_UNDECLARED_SELECTOR = YES;
				GCC_WARN_UNINITIALIZED_AUTOS = YES_AGGRESSIVE;
				GCC_WARN_UNUSED_FUNCTION = YES;
				GCC_WARN_UNUSED_VARIABLE = YES;
				IPHONEOS_DEPLOYMENT_TARGET = 9.3;
				MTL_ENABLE_DEBUG_INFO = YES;
				ONLY_ACTIVE_ARCH = YES;
				SDKROOT = iphoneos;
				SWIFT_OPTIMIZATION_LEVEL = "-Onone";
				SWIFT_VERSION = 5.0;
			};
			name = Debug;
		};
		607FACEE1AFB9204008FA782 /* Release */ = {
			isa = XCBuildConfiguration;
			buildSettings = {
				ALWAYS_SEARCH_USER_PATHS = NO;
				CLANG_CXX_LANGUAGE_STANDARD = "gnu++0x";
				CLANG_CXX_LIBRARY = "libc++";
				CLANG_ENABLE_MODULES = YES;
				CLANG_ENABLE_OBJC_ARC = YES;
				CLANG_WARN_BLOCK_CAPTURE_AUTORELEASING = YES;
				CLANG_WARN_BOOL_CONVERSION = YES;
				CLANG_WARN_COMMA = YES;
				CLANG_WARN_CONSTANT_CONVERSION = YES;
				CLANG_WARN_DIRECT_OBJC_ISA_USAGE = YES_ERROR;
				CLANG_WARN_EMPTY_BODY = YES;
				CLANG_WARN_ENUM_CONVERSION = YES;
				CLANG_WARN_INFINITE_RECURSION = YES;
				CLANG_WARN_INT_CONVERSION = YES;
				CLANG_WARN_NON_LITERAL_NULL_CONVERSION = YES;
				CLANG_WARN_OBJC_LITERAL_CONVERSION = YES;
				CLANG_WARN_OBJC_ROOT_CLASS = YES_ERROR;
				CLANG_WARN_RANGE_LOOP_ANALYSIS = YES;
				CLANG_WARN_STRICT_PROTOTYPES = YES;
				CLANG_WARN_SUSPICIOUS_MOVE = YES;
				CLANG_WARN_UNREACHABLE_CODE = YES;
				CLANG_WARN__DUPLICATE_METHOD_MATCH = YES;
				"CODE_SIGN_IDENTITY[sdk=iphoneos*]" = "iPhone Developer";
				COPY_PHASE_STRIP = NO;
				DEBUG_INFORMATION_FORMAT = "dwarf-with-dsym";
				ENABLE_NS_ASSERTIONS = NO;
				ENABLE_STRICT_OBJC_MSGSEND = YES;
				GCC_C_LANGUAGE_STANDARD = gnu99;
				GCC_NO_COMMON_BLOCKS = YES;
				GCC_WARN_64_TO_32_BIT_CONVERSION = YES;
				GCC_WARN_ABOUT_RETURN_TYPE = YES_ERROR;
				GCC_WARN_UNDECLARED_SELECTOR = YES;
				GCC_WARN_UNINITIALIZED_AUTOS = YES_AGGRESSIVE;
				GCC_WARN_UNUSED_FUNCTION = YES;
				GCC_WARN_UNUSED_VARIABLE = YES;
				IPHONEOS_DEPLOYMENT_TARGET = 9.3;
				MTL_ENABLE_DEBUG_INFO = NO;
				SDKROOT = iphoneos;
				SWIFT_OPTIMIZATION_LEVEL = "-Owholemodule";
				SWIFT_VERSION = 5.0;
				VALIDATE_PRODUCT = YES;
			};
			name = Release;
		};
		607FACF01AFB9204008FA782 /* Debug */ = {
			isa = XCBuildConfiguration;
			baseConfigurationReference = A738C98C7DC85845E647A887 /* Pods-SwiftCore_Example.debug.xcconfig */;
			buildSettings = {
				ASSETCATALOG_COMPILER_APPICON_NAME = AppIcon;
				INFOPLIST_FILE = SwiftCore/Info.plist;
				LD_RUNPATH_SEARCH_PATHS = "$(inherited) @executable_path/Frameworks";
				MODULE_NAME = ExampleApp;
				PRODUCT_BUNDLE_IDENTIFIER = "org.cocoapods.demo.$(PRODUCT_NAME:rfc1034identifier)";
				PRODUCT_NAME = "$(TARGET_NAME)";
				SWIFT_SWIFT3_OBJC_INFERENCE = Default;
				SWIFT_VERSION = 5.0;
			};
			name = Debug;
		};
		607FACF11AFB9204008FA782 /* Release */ = {
			isa = XCBuildConfiguration;
			baseConfigurationReference = 9FBB061BC580582C0210E166 /* Pods-SwiftCore_Example.release.xcconfig */;
			buildSettings = {
				ASSETCATALOG_COMPILER_APPICON_NAME = AppIcon;
				INFOPLIST_FILE = SwiftCore/Info.plist;
				LD_RUNPATH_SEARCH_PATHS = "$(inherited) @executable_path/Frameworks";
				MODULE_NAME = ExampleApp;
				PRODUCT_BUNDLE_IDENTIFIER = "org.cocoapods.demo.$(PRODUCT_NAME:rfc1034identifier)";
				PRODUCT_NAME = "$(TARGET_NAME)";
				SWIFT_SWIFT3_OBJC_INFERENCE = Default;
				SWIFT_VERSION = 5.0;
			};
			name = Release;
		};
		607FACF31AFB9204008FA782 /* Debug */ = {
			isa = XCBuildConfiguration;
			baseConfigurationReference = 2BAA576C10042619F6FDA49D /* Pods-SwiftCore_Tests.debug.xcconfig */;
			buildSettings = {
				FRAMEWORK_SEARCH_PATHS = (
					"$(PLATFORM_DIR)/Developer/Library/Frameworks",
					"$(inherited)",
				);
				GCC_PREPROCESSOR_DEFINITIONS = (
					"DEBUG=1",
					"$(inherited)",
				);
				INFOPLIST_FILE = Tests/Info.plist;
				LD_RUNPATH_SEARCH_PATHS = "$(inherited) @executable_path/Frameworks @loader_path/Frameworks";
				PRODUCT_BUNDLE_IDENTIFIER = "org.cocoapods.$(PRODUCT_NAME:rfc1034identifier)";
				PRODUCT_NAME = "$(TARGET_NAME)";
				SWIFT_SWIFT3_OBJC_INFERENCE = Default;
				SWIFT_VERSION = 4.0;
				TEST_HOST = "$(BUILT_PRODUCTS_DIR)/SwiftCore_Example.app/SwiftCore_Example";
			};
			name = Debug;
		};
		607FACF41AFB9204008FA782 /* Release */ = {
			isa = XCBuildConfiguration;
			baseConfigurationReference = 99EF9D39BCC07D74068DFF00 /* Pods-SwiftCore_Tests.release.xcconfig */;
			buildSettings = {
				FRAMEWORK_SEARCH_PATHS = (
					"$(PLATFORM_DIR)/Developer/Library/Frameworks",
					"$(inherited)",
				);
				INFOPLIST_FILE = Tests/Info.plist;
				LD_RUNPATH_SEARCH_PATHS = "$(inherited) @executable_path/Frameworks @loader_path/Frameworks";
				PRODUCT_BUNDLE_IDENTIFIER = "org.cocoapods.$(PRODUCT_NAME:rfc1034identifier)";
				PRODUCT_NAME = "$(TARGET_NAME)";
				SWIFT_SWIFT3_OBJC_INFERENCE = Default;
				SWIFT_VERSION = 4.0;
				TEST_HOST = "$(BUILT_PRODUCTS_DIR)/SwiftCore_Example.app/SwiftCore_Example";
			};
			name = Release;
		};
/* End XCBuildConfiguration section */

/* Begin XCConfigurationList section */
		607FACCB1AFB9204008FA782 /* Build configuration list for PBXProject "SwiftCore" */ = {
			isa = XCConfigurationList;
			buildConfigurations = (
				607FACED1AFB9204008FA782 /* Debug */,
				607FACEE1AFB9204008FA782 /* Release */,
			);
			defaultConfigurationIsVisible = 0;
			defaultConfigurationName = Release;
		};
		607FACEF1AFB9204008FA782 /* Build configuration list for PBXNativeTarget "SwiftCore_Example" */ = {
			isa = XCConfigurationList;
			buildConfigurations = (
				607FACF01AFB9204008FA782 /* Debug */,
				607FACF11AFB9204008FA782 /* Release */,
			);
			defaultConfigurationIsVisible = 0;
			defaultConfigurationName = Release;
		};
		607FACF21AFB9204008FA782 /* Build configuration list for PBXNativeTarget "SwiftCore_Tests" */ = {
			isa = XCConfigurationList;
			buildConfigurations = (
				607FACF31AFB9204008FA782 /* Debug */,
				607FACF41AFB9204008FA782 /* Release */,
			);
			defaultConfigurationIsVisible = 0;
			defaultConfigurationName = Release;
		};
/* End XCConfigurationList section */
	};
	rootObject = 607FACC81AFB9204008FA782 /* Project object */;
}
